
Microsoft Visual Studio Solution File, Format Version 12.00
# Visual Studio 2013
VisualStudioVersion = 12.0.21005.1
MinimumVisualStudioVersion = 10.0.40219.1
Project("{FAE04EC0-301F-11D3-BF4B-00C04F79EFBC}") = "MS74Framework", "MS74Framework\MS74Framework.csproj", "{F3DA33F7-7AF8-4734-B57D-3EAFF5EBCFD3}"
EndProject
Global
	GlobalSection(SolutionConfigurationPlatforms) = preSolution
		Debug|Any CPU = Debug|Any CPU
		Release|Any CPU = Release|Any CPU
	EndGlobalSection
	GlobalSection(ProjectConfigurationPlatforms) = postSolution
		{F3DA33F7-7AF8-4734-B57D-3EAFF5EBCFD3}.Debug|Any CPU.ActiveCfg = Debug|Any CPU
		{F3DA33F7-7AF8-4734-B57D-3EAFF5EBCFD3}.Debug|Any CPU.Build.0 = Debug|Any CPU
		{F3DA33F7-7AF8-4734-B57D-3EAFF5EBCFD3}.Release|Any CPU.ActiveCfg = Release|Any CPU
		{F3DA33F7-7AF8-4734-B57D-3EAFF5EBCFD3}.Release|Any CPU.Build.0 = Release|Any CPU
	EndGlobalSection
	GlobalSection(SolutionProperties) = preSolution
		HideSolutionNode = FALSE
	EndGlobalSection
EndGlobal
